
Microsoft Visual Studio Solution File, Format Version 12.00
# Visual Studio Version 17
VisualStudioVersion = 17.14.36616.10
MinimumVisualStudioVersion = 10.0.40219.1
Project("{FAE04EC0-301F-11D3-BF4B-00C04F79EFBC}") = "MyLibrary", "MyLibrary\MyLibrary.csproj", "{4FCD0A09-7415-4A11-8306-F64F0F08D4B6}"
EndProject
Project("{FAE04EC0-301F-11D3-BF4B-00C04F79EFBC}") = "WinForms", "MainForm\WinForms.csproj", "{AE7E8E71-CB60-459D-9010-0AC29B1DFF9F}"
EndProject
Project("{FAE04EC0-301F-11D3-BF4B-00C04F79EFBC}") = "Tests", "Tests\Tests.csproj", "{159F065E-70FB-4490-AC38-CC6397C18A17}"
EndProject
Global
	GlobalSection(SolutionConfigurationPlatforms) = preSolution
		Debug|Any CPU = Debug|Any CPU
		Release|Any CPU = Release|Any CPU
	EndGlobalSection
	GlobalSection(ProjectConfigurationPlatforms) = postSolution
		{4FCD0A09-7415-4A11-8306-F64F0F08D4B6}.Debug|Any CPU.ActiveCfg = Debug|Any CPU
		{4FCD0A09-7415-4A11-8306-F64F0F08D4B6}.Debug|Any CPU.Build.0 = Debug|Any CPU
		{4FCD0A09-7415-4A11-8306-F64F0F08D4B6}.Release|Any CPU.ActiveCfg = Release|Any CPU
		{4FCD0A09-7415-4A11-8306-F64F0F08D4B6}.Release|Any CPU.Build.0 = Release|Any CPU
		{AE7E8E71-CB60-459D-9010-0AC29B1DFF9F}.Debug|Any CPU.ActiveCfg = Debug|Any CPU
		{AE7E8E71-CB60-459D-9010-0AC29B1DFF9F}.Debug|Any CPU.Build.0 = Debug|Any CPU
		{AE7E8E71-CB60-459D-9010-0AC29B1DFF9F}.Release|Any CPU.ActiveCfg = Release|Any CPU
		{AE7E8E71-CB60-459D-9010-0AC29B1DFF9F}.Release|Any CPU.Build.0 = Release|Any CPU
		{159F065E-70FB-4490-AC38-CC6397C18A17}.Debug|Any CPU.ActiveCfg = Debug|Any CPU
		{159F065E-70FB-4490-AC38-CC6397C18A17}.Debug|Any CPU.Build.0 = Debug|Any CPU
		{159F065E-70FB-4490-AC38-CC6397C18A17}.Release|Any CPU.ActiveCfg = Release|Any CPU
		{159F065E-70FB-4490-AC38-CC6397C18A17}.Release|Any CPU.Build.0 = Release|Any CPU
	EndGlobalSection
	GlobalSection(SolutionProperties) = preSolution
		HideSolutionNode = FALSE
	EndGlobalSection
	GlobalSection(ExtensibilityGlobals) = postSolution
		SolutionGuid = {DA8CD3C2-BDF3-4863-8DD5-170A5C131733}
	EndGlobalSection
EndGlobal
